
Microsoft Visual Studio Solution File, Format Version 12.00
# Visual Studio 15
VisualStudioVersion = 15.0.28307.421
MinimumVisualStudioVersion = 10.0.40219.1
Project("{FAE04EC0-301F-11D3-BF4B-00C04F79EFBC}") = "AppKiller", "AppKiller\AppKiller.csproj", "{C3FCD30F-DB97-4873-81F0-C019B396A831}"
EndProject
Global
	GlobalSection(SolutionConfigurationPlatforms) = preSolution
		Debug|Any CPU = Debug|Any CPU
		Release|Any CPU = Release|Any CPU
	EndGlobalSection
	GlobalSection(ProjectConfigurationPlatforms) = postSolution
		{C3FCD30F-DB97-4873-81F0-C019B396A831}.Debug|Any CPU.ActiveCfg = Debug|Any CPU
		{C3FCD30F-DB97-4873-81F0-C019B396A831}.Debug|Any CPU.Build.0 = Debug|Any CPU
		{C3FCD30F-DB97-4873-81F0-C019B396A831}.Release|Any CPU.ActiveCfg = Release|Any CPU
		{C3FCD30F-DB97-4873-81F0-C019B396A831}.Release|Any CPU.Build.0 = Release|Any CPU
	EndGlobalSection
	GlobalSection(SolutionProperties) = preSolution
		HideSolutionNode = FALSE
	EndGlobalSection
	GlobalSection(ExtensibilityGlobals) = postSolution
		SolutionGuid = {457B39BE-24A9-43CB-85C0-DFD47CD7F2A2}
	EndGlobalSection
EndGlobal
